
Microsoft Visual Studio Solution File, Format Version 12.00
# Visual Studio Version 17
VisualStudioVersion = 17.5.002.0
MinimumVisualStudioVersion = 10.0.40219.1
Project("{9A19103F-16F7-4668-BE54-9A1E7A4F7556}") = "BlogApp", "BlogApp.csproj", "{92CD8B68-55A6-401F-8258-2FDE961259CE}"
EndProject
Global
	GlobalSection(SolutionConfigurationPlatforms) = preSolution
		Debug|Any CPU = Debug|Any CPU
		Release|Any CPU = Release|Any CPU
	EndGlobalSection
	GlobalSection(ProjectConfigurationPlatforms) = postSolution
		{92CD8B68-55A6-401F-8258-2FDE961259CE}.Debug|Any CPU.ActiveCfg = Debug|Any CPU
		{92CD8B68-55A6-401F-8258-2FDE961259CE}.Debug|Any CPU.Build.0 = Debug|Any CPU
		{92CD8B68-55A6-401F-8258-2FDE961259CE}.Release|Any CPU.ActiveCfg = Release|Any CPU
		{92CD8B68-55A6-401F-8258-2FDE961259CE}.Release|Any CPU.Build.0 = Release|Any CPU
	EndGlobalSection
	GlobalSection(SolutionProperties) = preSolution
		HideSolutionNode = FALSE
	EndGlobalSection
	GlobalSection(ExtensibilityGlobals) = postSolution
		SolutionGuid = {2A9D02C9-DE5B-4619-B761-E5D304F3A813}
	EndGlobalSection
EndGlobal
